
Microsoft Visual Studio Solution File, Format Version 10.00
# Visual C++ Express 2008
Project("{8BC9CEB8-8B4A-11D0-8D11-00A0C91BC942}") = "pdf", "pdf.vcproj", "{BF54CBE5-9583-4E7B-828E-213596AE1772}"
	ProjectSection(ProjectDependencies) = postProject
		{AA05A011-6D26-4143-9E91-2D721DC4A299} = {AA05A011-6D26-4143-9E91-2D721DC4A299}
	EndProjectSection
EndProject
Project("{8BC9CEB8-8B4A-11D0-8D11-00A0C91BC942}") = "pdf_viewer", "..\pdf_viewer\pdf_viewer.vcproj", "{4E818308-F384-4632-B023-694ACB2C405A}"
	ProjectSection(ProjectDependencies) = postProject
		{BF54CBE5-9583-4E7B-828E-213596AE1772} = {BF54CBE5-9583-4E7B-828E-213596AE1772}
	EndProjectSection
EndProject
Project("{8BC9CEB8-8B4A-11D0-8D11-00A0C91BC942}") = "Filter_Flate", "..\Filter_Flate\Filter_Flate.vcproj", "{AA05A011-6D26-4143-9E91-2D721DC4A299}"
EndProject
Global
	GlobalSection(SolutionConfigurationPlatforms) = preSolution
		Debug|Win32 = Debug|Win32
		Release|Win32 = Release|Win32
	EndGlobalSection
	GlobalSection(ProjectConfigurationPlatforms) = postSolution
		{BF54CBE5-9583-4E7B-828E-213596AE1772}.Debug|Win32.ActiveCfg = Debug|Win32
		{BF54CBE5-9583-4E7B-828E-213596AE1772}.Debug|Win32.Build.0 = Debug|Win32
		{BF54CBE5-9583-4E7B-828E-213596AE1772}.Release|Win32.ActiveCfg = Release|Win32
		{BF54CBE5-9583-4E7B-828E-213596AE1772}.Release|Win32.Build.0 = Release|Win32
		{4E818308-F384-4632-B023-694ACB2C405A}.Debug|Win32.ActiveCfg = Debug|Win32
		{4E818308-F384-4632-B023-694ACB2C405A}.Debug|Win32.Build.0 = Debug|Win32
		{4E818308-F384-4632-B023-694ACB2C405A}.Release|Win32.ActiveCfg = Release|Win32
		{4E818308-F384-4632-B023-694ACB2C405A}.Release|Win32.Build.0 = Release|Win32
		{AA05A011-6D26-4143-9E91-2D721DC4A299}.Debug|Win32.ActiveCfg = Debug|Win32
		{AA05A011-6D26-4143-9E91-2D721DC4A299}.Debug|Win32.Build.0 = Debug|Win32
		{AA05A011-6D26-4143-9E91-2D721DC4A299}.Release|Win32.ActiveCfg = Release|Win32
		{AA05A011-6D26-4143-9E91-2D721DC4A299}.Release|Win32.Build.0 = Release|Win32
	EndGlobalSection
	GlobalSection(SolutionProperties) = preSolution
		HideSolutionNode = FALSE
	EndGlobalSection
EndGlobal
